
Microsoft Visual Studio Solution File, Format Version 9.00
# Visual Studio 2005
Project("{8BC9CEB8-8B4A-11D0-8D11-00A0C91BC942}") = "threadpool", "threadpool.vcproj", "{CA0AFCEE-378D-44F3-878F-F9A680F99039}"
EndProject
Global
	GlobalSection(SolutionConfigurationPlatforms) = preSolution
		Debug|Win32 = Debug|Win32
		Release|Win32 = Release|Win32
	EndGlobalSection
	GlobalSection(ProjectConfigurationPlatforms) = postSolution
		{CA0AFCEE-378D-44F3-878F-F9A680F99039}.Debug|Win32.ActiveCfg = Debug|Win32
		{CA0AFCEE-378D-44F3-878F-F9A680F99039}.Debug|Win32.Build.0 = Debug|Win32
		{CA0AFCEE-378D-44F3-878F-F9A680F99039}.Release|Win32.ActiveCfg = Release|Win32
		{CA0AFCEE-378D-44F3-878F-F9A680F99039}.Release|Win32.Build.0 = Release|Win32
	EndGlobalSection
	GlobalSection(SolutionProperties) = preSolution
		HideSolutionNode = FALSE
	EndGlobalSection
EndGlobal
